
Microsoft Visual Studio Solution File, Format Version 12.00
# Visual Studio 15
VisualStudioVersion = 15.0.26730.15
MinimumVisualStudioVersion = 10.0.40219.1
Project("{FAE04EC0-301F-11D3-BF4B-00C04F79EFBC}") = "WindowsFormsApp9", "WindowsFormsApp9\WindowsFormsApp9.csproj", "{DA03F804-9C3F-4522-A943-A6B8E914DF6A}"
EndProject
Global
	GlobalSection(SolutionConfigurationPlatforms) = preSolution
		Debug|Any CPU = Debug|Any CPU
		Release|Any CPU = Release|Any CPU
	EndGlobalSection
	GlobalSection(ProjectConfigurationPlatforms) = postSolution
		{DA03F804-9C3F-4522-A943-A6B8E914DF6A}.Debug|Any CPU.ActiveCfg = Debug|Any CPU
		{DA03F804-9C3F-4522-A943-A6B8E914DF6A}.Debug|Any CPU.Build.0 = Debug|Any CPU
		{DA03F804-9C3F-4522-A943-A6B8E914DF6A}.Release|Any CPU.ActiveCfg = Release|Any CPU
		{DA03F804-9C3F-4522-A943-A6B8E914DF6A}.Release|Any CPU.Build.0 = Release|Any CPU
	EndGlobalSection
	GlobalSection(SolutionProperties) = preSolution
		HideSolutionNode = FALSE
	EndGlobalSection
	GlobalSection(ExtensibilityGlobals) = postSolution
		SolutionGuid = {7E5DF1BE-213F-4509-B372-A9F94991BB56}
	EndGlobalSection
EndGlobal
